
Microsoft Visual Studio Solution File, Format Version 12.00
# Visual Studio 15
VisualStudioVersion = 15.0.27004.2010
MinimumVisualStudioVersion = 10.0.40219.1
Project("{FAE04EC0-301F-11D3-BF4B-00C04F79EFBC}") = "XForms.Test.Android", "XForms.Test.Android\XForms.Test.Android.csproj", "{1ACAD7CC-6905-41CD-B54D-D693AB545705}"
EndProject
Project("{FAE04EC0-301F-11D3-BF4B-00C04F79EFBC}") = "XForms.Core.AndroidLibrary", "..\dll\Android\XForms.Core.AndroidLibrary.csproj", "{12E7289A-F17F-4D48-8201-22399D5FA0EB}"
EndProject
Project("{FAE04EC0-301F-11D3-BF4B-00C04F79EFBC}") = "XForms.Core.PortableLibrary", "..\dll\Portable\XForms.Core.PortableLibrary.csproj", "{BD37DAEC-0B39-4F34-BDB5-0D2B2F8FF214}"
EndProject
Project("{D954291E-2A0B-460D-934E-DC6B0785DB48}") = "XForms.Test", "XForms.Test\XForms.Test.shproj", "{4C3D888A-B751-44D1-B778-A74D0EA3D840}"
EndProject
Global
	GlobalSection(SharedMSBuildProjectFiles) = preSolution
		..\src\Android\XForms.Core.Android.projitems*{12e7289a-f17f-4d48-8201-22399d5fa0eb}*SharedItemsImports = 4
		XForms.Test\XForms.Test.projitems*{1acad7cc-6905-41cd-b54d-d693ab545705}*SharedItemsImports = 4
		XForms.Test\XForms.Test.projitems*{4c3d888a-b751-44d1-b778-a74d0ea3d840}*SharedItemsImports = 13
	EndGlobalSection
	GlobalSection(SolutionConfigurationPlatforms) = preSolution
		Debug|Any CPU = Debug|Any CPU
		Release|Any CPU = Release|Any CPU
	EndGlobalSection
	GlobalSection(ProjectConfigurationPlatforms) = postSolution
		{1ACAD7CC-6905-41CD-B54D-D693AB545705}.Debug|Any CPU.ActiveCfg = Debug|Any CPU
		{1ACAD7CC-6905-41CD-B54D-D693AB545705}.Debug|Any CPU.Build.0 = Debug|Any CPU
		{1ACAD7CC-6905-41CD-B54D-D693AB545705}.Debug|Any CPU.Deploy.0 = Debug|Any CPU
		{1ACAD7CC-6905-41CD-B54D-D693AB545705}.Release|Any CPU.ActiveCfg = Release|Any CPU
		{1ACAD7CC-6905-41CD-B54D-D693AB545705}.Release|Any CPU.Build.0 = Release|Any CPU
		{1ACAD7CC-6905-41CD-B54D-D693AB545705}.Release|Any CPU.Deploy.0 = Release|Any CPU
		{12E7289A-F17F-4D48-8201-22399D5FA0EB}.Debug|Any CPU.ActiveCfg = Debug|Any CPU
		{12E7289A-F17F-4D48-8201-22399D5FA0EB}.Debug|Any CPU.Build.0 = Debug|Any CPU
		{12E7289A-F17F-4D48-8201-22399D5FA0EB}.Release|Any CPU.ActiveCfg = Release|Any CPU
		{12E7289A-F17F-4D48-8201-22399D5FA0EB}.Release|Any CPU.Build.0 = Release|Any CPU
		{BD37DAEC-0B39-4F34-BDB5-0D2B2F8FF214}.Debug|Any CPU.ActiveCfg = Debug|Any CPU
		{BD37DAEC-0B39-4F34-BDB5-0D2B2F8FF214}.Debug|Any CPU.Build.0 = Debug|Any CPU
		{BD37DAEC-0B39-4F34-BDB5-0D2B2F8FF214}.Release|Any CPU.ActiveCfg = Release|Any CPU
		{BD37DAEC-0B39-4F34-BDB5-0D2B2F8FF214}.Release|Any CPU.Build.0 = Release|Any CPU
	EndGlobalSection
	GlobalSection(SolutionProperties) = preSolution
		HideSolutionNode = FALSE
	EndGlobalSection
	GlobalSection(ExtensibilityGlobals) = postSolution
		SolutionGuid = {6EFBBB61-9B91-4546-8D10-C370DD2FE8B5}
	EndGlobalSection
EndGlobal
